# This file is automatically @generated by Cargo.
# It is not intended for manual editing.
version = 3

[[package]]
name = "alohomora"
version = "0.1.0"

[[package]]
name = "recursive"
version = "0.1.0"
dependencies = [
 "alohomora",
]

[[package]]
name = "tests"
version = "0.1.0"
dependencies = [
 "alohomora",
]

[[package]]
name = "unsigned"
version = "0.1.0"
dependencies = [
 "alohomora",
]
